// !$*UTF8*$!
{
	archiveVersion = 1;
	classes = {
	};
	objectVersion = 46;
	objects = {

/* Begin PBXBuildFile section */
		4CBADC921F132AC200D19F09 /* AppDelegate.swift in Sources */ = {isa = PBXBuildFile; fileRef = 4CBADC911F132AC200D19F09 /* AppDelegate.swift */; };
		4CBADC941F132AC200D19F09 /* ViewController.swift in Sources */ = {isa = PBXBuildFile; fileRef = 4CBADC931F132AC200D19F09 /* ViewController.swift */; };
		4CBADC971F132AC200D19F09 /* Main.storyboard in Resources */ = {isa = PBXBuildFile; fileRef = 4CBADC951F132AC200D19F09 /* Main.storyboard */; };
		4CBADC9A1F132AC200D19F09 /* Cp66.xcdatamodeld in Sources */ = {isa = PBXBuildFile; fileRef = 4CBADC981F132AC200D19F09 /* Cp66.xcdatamodeld */; };
		4CBADC9C1F132AC200D19F09 /* Assets.xcassets in Resources */ = {isa = PBXBuildFile; fileRef = 4CBADC9B1F132AC200D19F09 /* Assets.xcassets */; };
		4CBADC9F1F132AC200D19F09 /* LaunchScreen.storyboard in Resources */ = {isa = PBXBuildFile; fileRef = 4CBADC9D1F132AC200D19F09 /* LaunchScreen.storyboard */; };
		4CBADCA71F132B0800D19F09 /* NavViewController.swift in Sources */ = {isa = PBXBuildFile; fileRef = 4CBADCA61F132B0800D19F09 /* NavViewController.swift */; };
		4CBADCA91F132B1800D19F09 /* HomeViewController.swift in Sources */ = {isa = PBXBuildFile; fileRef = 4CBADCA81F132B1800D19F09 /* HomeViewController.swift */; };
		4CBADCAC1F1357A700D19F09 /* HomeCenterCell.swift in Sources */ = {isa = PBXBuildFile; fileRef = 4CBADCAA1F1357A700D19F09 /* HomeCenterCell.swift */; };
		4CBADCAD1F1357A700D19F09 /* HomeCenterCell.xib in Resources */ = {isa = PBXBuildFile; fileRef = 4CBADCAB1F1357A700D19F09 /* HomeCenterCell.xib */; };
		4CBADCB01F1357D200D19F09 /* HomeHeader.swift in Sources */ = {isa = PBXBuildFile; fileRef = 4CBADCAE1F1357D200D19F09 /* HomeHeader.swift */; };
		4CBADCB11F1357D200D19F09 /* HomeHeader.xib in Resources */ = {isa = PBXBuildFile; fileRef = 4CBADCAF1F1357D200D19F09 /* HomeHeader.xib */; };
		4CBADCB41F135B6A00D19F09 /* HotHeader.swift in Sources */ = {isa = PBXBuildFile; fileRef = 4CBADCB21F135B6A00D19F09 /* HotHeader.swift */; };
		4CBADCB51F135B6A00D19F09 /* HotHeader.xib in Resources */ = {isa = PBXBuildFile; fileRef = 4CBADCB31F135B6A00D19F09 /* HotHeader.xib */; };
		4CBADCB81F13666C00D19F09 /* HomeTypeCell.swift in Sources */ = {isa = PBXBuildFile; fileRef = 4CBADCB61F13666C00D19F09 /* HomeTypeCell.swift */; };
		4CBADCB91F13666C00D19F09 /* HomeTypeCell.xib in Resources */ = {isa = PBXBuildFile; fileRef = 4CBADCB71F13666C00D19F09 /* HomeTypeCell.xib */; };
		4CBADCBF1F13734F00D19F09 /* Tool.swift in Sources */ = {isa = PBXBuildFile; fileRef = 4CBADCBE1F13734F00D19F09 /* Tool.swift */; };
/* End PBXBuildFile section */

/* Begin PBXFileReference section */
		4CBADC8E1F132AC200D19F09 /* Cp66.app */ = {isa = PBXFileReference; explicitFileType = wrapper.application; includeInIndex = 0; path = Cp66.app; sourceTree = BUILT_PRODUCTS_DIR; };
		4CBADC911F132AC200D19F09 /* AppDelegate.swift */ = {isa = PBXFileReference; lastKnownFileType = sourcecode.swift; path = AppDelegate.swift; sourceTree = "<group>"; };
		4CBADC931F132AC200D19F09 /* ViewController.swift */ = {isa = PBXFileReference; lastKnownFileType = sourcecode.swift; path = ViewController.swift; sourceTree = "<group>"; };
		4CBADC961F132AC200D19F09 /* Base */ = {isa = PBXFileReference; lastKnownFileType = file.storyboard; name = Base; path = Base.lproj/Main.storyboard; sourceTree = "<group>"; };
		4CBADC991F132AC200D19F09 /* Cp66.xcdatamodel */ = {isa = PBXFileReference; lastKnownFileType = wrapper.xcdatamodel; path = Cp66.xcdatamodel; sourceTree = "<group>"; };
		4CBADC9B1F132AC200D19F09 /* Assets.xcassets */ = {isa = PBXFileReference; lastKnownFileType = folder.assetcatalog; path = Assets.xcassets; sourceTree = "<group>"; };
		4CBADC9E1F132AC200D19F09 /* Base */ = {isa = PBXFileReference; lastKnownFileType = file.storyboard; name = Base; path = Base.lproj/LaunchScreen.storyboard; sourceTree = "<group>"; };
		4CBADCA01F132AC200D19F09 /* Info.plist */ = {isa = PBXFileReference; lastKnownFileType = text.plist.xml; path = Info.plist; sourceTree = "<group>"; };
		4CBADCA61F132B0800D19F09 /* NavViewController.swift */ = {isa = PBXFileReference; fileEncoding = 4; lastKnownFileType = sourcecode.swift; path = NavViewController.swift; sourceTree = "<group>"; };
		4CBADCA81F132B1800D19F09 /* HomeViewController.swift */ = {isa = PBXFileReference; fileEncoding = 4; lastKnownFileType = sourcecode.swift; path = HomeViewController.swift; sourceTree = "<group>"; };
		4CBADCAA1F1357A700D19F09 /* HomeCenterCell.swift */ = {isa = PBXFileReference; fileEncoding = 4; lastKnownFileType = sourcecode.swift; path = HomeCenterCell.swift; sourceTree = "<group>"; };
		4CBADCAB1F1357A700D19F09 /* HomeCenterCell.xib */ = {isa = PBXFileReference; fileEncoding = 4; lastKnownFileType = file.xib; path = HomeCenterCell.xib; sourceTree = "<group>"; };
		4CBADCAE1F1357D200D19F09 /* HomeHeader.swift */ = {isa = PBXFileReference; fileEncoding = 4; lastKnownFileType = sourcecode.swift; path = HomeHeader.swift; sourceTree = "<group>"; };
		4CBADCAF1F1357D200D19F09 /* HomeHeader.xib */ = {isa = PBXFileReference; fileEncoding = 4; lastKnownFileType = file.xib; path = HomeHeader.xib; sourceTree = "<group>"; };
		4CBADCB21F135B6A00D19F09 /* HotHeader.swift */ = {isa = PBXFileReference; fileEncoding = 4; lastKnownFileType = sourcecode.swift; path = HotHeader.swift; sourceTree = "<group>"; };
		4CBADCB31F135B6A00D19F09 /* HotHeader.xib */ = {isa = PBXFileReference; fileEncoding = 4; lastKnownFileType = file.xib; path = HotHeader.xib; sourceTree = "<group>"; };
		4CBADCB61F13666C00D19F09 /* HomeTypeCell.swift */ = {isa = PBXFileReference; fileEncoding = 4; lastKnownFileType = sourcecode.swift; path = HomeTypeCell.swift; sourceTree = "<group>"; };
		4CBADCB71F13666C00D19F09 /* HomeTypeCell.xib */ = {isa = PBXFileReference; fileEncoding = 4; lastKnownFileType = file.xib; path = HomeTypeCell.xib; sourceTree = "<group>"; };
		4CBADCBE1F13734F00D19F09 /* Tool.swift */ = {isa = PBXFileReference; fileEncoding = 4; lastKnownFileType = sourcecode.swift; path = Tool.swift; sourceTree = "<group>"; };
/* End PBXFileReference section */

/* Begin PBXFrameworksBuildPhase section */
		4CBADC8B1F132AC200D19F09 /* Frameworks */ = {
			isa = PBXFrameworksBuildPhase;
			buildActionMask = 2147483647;
			files = (
			);
			runOnlyForDeploymentPostprocessing = 0;
		};
/* End PBXFrameworksBuildPhase section */

/* Begin PBXGroup section */
		4CBADC851F132AC200D19F09 = {
			isa = PBXGroup;
			children = (
				4CBADC901F132AC200D19F09 /* Cp66 */,
				4CBADC8F1F132AC200D19F09 /* Products */,
			);
			sourceTree = "<group>";
		};
		4CBADC8F1F132AC200D19F09 /* Products */ = {
			isa = PBXGroup;
			children = (
				4CBADC8E1F132AC200D19F09 /* Cp66.app */,
			);
			name = Products;
			sourceTree = "<group>";
		};
		4CBADC901F132AC200D19F09 /* Cp66 */ = {
			isa = PBXGroup;
			children = (
				4CBADC911F132AC200D19F09 /* AppDelegate.swift */,
				4CBADC931F132AC200D19F09 /* ViewController.swift */,
				4CBADCA61F132B0800D19F09 /* NavViewController.swift */,
				4CBADCA81F132B1800D19F09 /* HomeViewController.swift */,
				4CBADCAA1F1357A700D19F09 /* HomeCenterCell.swift */,
				4CBADCAB1F1357A700D19F09 /* HomeCenterCell.xib */,
				4CBADCB61F13666C00D19F09 /* HomeTypeCell.swift */,
				4CBADCB71F13666C00D19F09 /* HomeTypeCell.xib */,
				4CBADCAE1F1357D200D19F09 /* HomeHeader.swift */,
				4CBADCB21F135B6A00D19F09 /* HotHeader.swift */,
				4CBADCB31F135B6A00D19F09 /* HotHeader.xib */,
				4CBADCAF1F1357D200D19F09 /* HomeHeader.xib */,
				4CBADCBE1F13734F00D19F09 /* Tool.swift */,
				4CBADC951F132AC200D19F09 /* Main.storyboard */,
				4CBADC9B1F132AC200D19F09 /* Assets.xcassets */,
				4CBADC9D1F132AC200D19F09 /* LaunchScreen.storyboard */,
				4CBADCA01F132AC200D19F09 /* Info.plist */,
				4CBADC981F132AC200D19F09 /* Cp66.xcdatamodeld */,
			);
			path = Cp66;
			sourceTree = "<group>";
		};
/* End PBXGroup section */

/* Begin PBXNativeTarget section */
		4CBADC8D1F132AC200D19F09 /* Cp66 */ = {
			isa = PBXNativeTarget;
			buildConfigurationList = 4CBADCA31F132AC200D19F09 /* Build configuration list for PBXNativeTarget "Cp66" */;
			buildPhases = (
				4CBADC8A1F132AC200D19F09 /* Sources */,
				4CBADC8B1F132AC200D19F09 /* Frameworks */,
				4CBADC8C1F132AC200D19F09 /* Resources */,
			);
			buildRules = (
			);
			dependencies = (
			);
			name = Cp66;
			productName = Cp66;
			productReference = 4CBADC8E1F132AC200D19F09 /* Cp66.app */;
			productType = "com.apple.product-type.application";
		};
/* End PBXNativeTarget section */

/* Begin PBXProject section */
		4CBADC861F132AC200D19F09 /* Project object */ = {
			isa = PBXProject;
			attributes = {
				LastSwiftUpdateCheck = 0820;
				LastUpgradeCheck = 0820;
				ORGANIZATIONNAME = HMKJ;
				TargetAttributes = {
					4CBADC8D1F132AC200D19F09 = {
						CreatedOnToolsVersion = 8.2.1;
						DevelopmentTeam = 9A2965SH74;
						ProvisioningStyle = Automatic;
					};
				};
			};
			buildConfigurationList = 4CBADC891F132AC200D19F09 /* Build configuration list for PBXProject "Cp66" */;
			compatibilityVersion = "Xcode 3.2";
			developmentRegion = English;
			hasScannedForEncodings = 0;
			knownRegions = (
				en,
				Base,
			);
			mainGroup = 4CBADC851F132AC200D19F09;
			productRefGroup = 4CBADC8F1F132AC200D19F09 /* Products */;
			projectDirPath = "";
			projectRoot = "";
			targets = (
				4CBADC8D1F132AC200D19F09 /* Cp66 */,
			);
		};
/* End PBXProject section */

/* Begin PBXResourcesBuildPhase section */
		4CBADC8C1F132AC200D19F09 /* Resources */ = {
			isa = PBXResourcesBuildPhase;
			buildActionMask = 2147483647;
			files = (
				4CBADCB51F135B6A00D19F09 /* HotHeader.xib in Resources */,
				4CBADC9F1F132AC200D19F09 /* LaunchScreen.storyboard in Resources */,
				4CBADCB11F1357D200D19F09 /* HomeHeader.xib in Resources */,
				4CBADCB91F13666C00D19F09 /* HomeTypeCell.xib in Resources */,
				4CBADCAD1F1357A700D19F09 /* HomeCenterCell.xib in Resources */,
				4CBADC9C1F132AC200D19F09 /* Assets.xcassets in Resources */,
				4CBADC971F132AC200D19F09 /* Main.storyboard in Resources */,
			);
			runOnlyForDeploymentPostprocessing = 0;
		};
/* End PBXResourcesBuildPhase section */

/* Begin PBXSourcesBuildPhase section */
		4CBADC8A1F132AC200D19F09 /* Sources */ = {
			isa = PBXSourcesBuildPhase;
			buildActionMask = 2147483647;
			files = (
				4CBADCB81F13666C00D19F09 /* HomeTypeCell.swift in Sources */,
				4CBADCA91F132B1800D19F09 /* HomeViewController.swift in Sources */,
				4CBADC9A1F132AC200D19F09 /* Cp66.xcdatamodeld in Sources */,
				4CBADCBF1F13734F00D19F09 /* Tool.swift in Sources */,
				4CBADC941F132AC200D19F09 /* ViewController.swift in Sources */,
				4CBADCA71F132B0800D19F09 /* NavViewController.swift in Sources */,
				4CBADCB01F1357D200D19F09 /* HomeHeader.swift in Sources */,
				4CBADC921F132AC200D19F09 /* AppDelegate.swift in Sources */,
				4CBADCB41F135B6A00D19F09 /* HotHeader.swift in Sources */,
				4CBADCAC1F1357A700D19F09 /* HomeCenterCell.swift in Sources */,
			);
			runOnlyForDeploymentPostprocessing = 0;
		};
/* End PBXSourcesBuildPhase section */

/* Begin PBXVariantGroup section */
		4CBADC951F132AC200D19F09 /* Main.storyboard */ = {
			isa = PBXVariantGroup;
			children = (
				4CBADC961F132AC200D19F09 /* Base */,
			);
			name = Main.storyboard;
			sourceTree = "<group>";
		};
		4CBADC9D1F132AC200D19F09 /* LaunchScreen.storyboard */ = {
			isa = PBXVariantGroup;
			children = (
				4CBADC9E1F132AC200D19F09 /* Base */,
			);
			name = LaunchScreen.storyboard;
			sourceTree = "<group>";
		};
/* End PBXVariantGroup section */

/* Begin XCBuildConfiguration section */
		4CBADCA11F132AC200D19F09 /* Debug */ = {
			isa = XCBuildConfiguration;
			buildSettings = {
				ALWAYS_SEARCH_USER_PATHS = NO;
				CLANG_ANALYZER_NONNULL = YES;
				CLANG_CXX_LANGUAGE_STANDARD = "gnu++0x";
				CLANG_CXX_LIBRARY = "libc++";
				CLANG_ENABLE_MODULES = YES;
				CLANG_ENABLE_OBJC_ARC = YES;
				CLANG_WARN_BOOL_CONVERSION = YES;
				CLANG_WARN_CONSTANT_CONVERSION = YES;
				CLANG_WARN_DIRECT_OBJC_ISA_USAGE = YES_ERROR;
				CLANG_WARN_DOCUMENTATION_COMMENTS = YES;
				CLANG_WARN_EMPTY_BODY = YES;
				CLANG_WARN_ENUM_CONVERSION = YES;
				CLANG_WARN_INFINITE_RECURSION = YES;
				CLANG_WARN_INT_CONVERSION = YES;
				CLANG_WARN_OBJC_ROOT_CLASS = YES_ERROR;
				CLANG_WARN_SUSPICIOUS_MOVE = YES;
				CLANG_WARN_UNREACHABLE_CODE = YES;
				CLANG_WARN__DUPLICATE_METHOD_MATCH = YES;
				"CODE_SIGN_IDENTITY[sdk=iphoneos*]" = "iPhone Developer";
				COPY_PHASE_STRIP = NO;
				DEBUG_INFORMATION_FORMAT = dwarf;
				ENABLE_STRICT_OBJC_MSGSEND = YES;
				ENABLE_TESTABILITY = YES;
				GCC_C_LANGUAGE_STANDARD = gnu99;
				GCC_DYNAMIC_NO_PIC = NO;
				GCC_NO_COMMON_BLOCKS = YES;
				GCC_OPTIMIZATION_LEVEL = 0;
				GCC_PREPROCESSOR_DEFINITIONS = (
					"DEBUG=1",
					"$(inherited)",
				);
				GCC_WARN_64_TO_32_BIT_CONVERSION = YES;
				GCC_WARN_ABOUT_RETURN_TYPE = YES_ERROR;
				GCC_WARN_UNDECLARED_SELECTOR = YES;
				GCC_WARN_UNINITIALIZED_AUTOS = YES_AGGRESSIVE;
				GCC_WARN_UNUSED_FUNCTION = YES;
				GCC_WARN_UNUSED_VARIABLE = YES;
				IPHONEOS_DEPLOYMENT_TARGET = 10.2;
				MTL_ENABLE_DEBUG_INFO = YES;
				ONLY_ACTIVE_ARCH = YES;
				SDKROOT = iphoneos;
				SWIFT_ACTIVE_COMPILATION_CONDITIONS = DEBUG;
				SWIFT_OPTIMIZATION_LEVEL = "-Onone";
			};
			name = Debug;
		};
		4CBADCA21F132AC200D19F09 /* Release */ = {
			isa = XCBuildConfiguration;
			buildSettings = {
				ALWAYS_SEARCH_USER_PATHS = NO;
				CLANG_ANALYZER_NONNULL = YES;
				CLANG_CXX_LANGUAGE_STANDARD = "gnu++0x";
				CLANG_CXX_LIBRARY = "libc++";
				CLANG_ENABLE_MODULES = YES;
				CLANG_ENABLE_OBJC_ARC = YES;
				CLANG_WARN_BOOL_CONVERSION = YES;
				CLANG_WARN_CONSTANT_CONVERSION = YES;
				CLANG_WARN_DIRECT_OBJC_ISA_USAGE = YES_ERROR;
				CLANG_WARN_DOCUMENTATION_COMMENTS = YES;
				CLANG_WARN_EMPTY_BODY = YES;
				CLANG_WARN_ENUM_CONVERSION = YES;
				CLANG_WARN_INFINITE_RECURSION = YES;
				CLANG_WARN_INT_CONVERSION = YES;
				CLANG_WARN_OBJC_ROOT_CLASS = YES_ERROR;
				CLANG_WARN_SUSPICIOUS_MOVE = YES;
				CLANG_WARN_UNREACHABLE_CODE = YES;
				CLANG_WARN__DUPLICATE_METHOD_MATCH = YES;
				"CODE_SIGN_IDENTITY[sdk=iphoneos*]" = "iPhone Developer";
				COPY_PHASE_STRIP = NO;
				DEBUG_INFORMATION_FORMAT = "dwarf-with-dsym";
				ENABLE_NS_ASSERTIONS = NO;
				ENABLE_STRICT_OBJC_MSGSEND = YES;
				GCC_C_LANGUAGE_STANDARD = gnu99;
				GCC_NO_COMMON_BLOCKS = YES;
				GCC_WARN_64_TO_32_BIT_CONVERSION = YES;
				GCC_WARN_ABOUT_RETURN_TYPE = YES_ERROR;
				GCC_WARN_UNDECLARED_SELECTOR = YES;
				GCC_WARN_UNINITIALIZED_AUTOS = YES_AGGRESSIVE;
				GCC_WARN_UNUSED_FUNCTION = YES;
				GCC_WARN_UNUSED_VARIABLE = YES;
				IPHONEOS_DEPLOYMENT_TARGET = 10.2;
				MTL_ENABLE_DEBUG_INFO = NO;
				SDKROOT = iphoneos;
				SWIFT_OPTIMIZATION_LEVEL = "-Owholemodule";
				VALIDATE_PRODUCT = YES;
			};
			name = Release;
		};
		4CBADCA41F132AC200D19F09 /* Debug */ = {
			isa = XCBuildConfiguration;
			buildSettings = {
				ASSETCATALOG_COMPILER_APPICON_NAME = AppIcon;
				DEVELOPMENT_TEAM = 9A2965SH74;
				INFOPLIST_FILE = Cp66/Info.plist;
				LD_RUNPATH_SEARCH_PATHS = "$(inherited) @executable_path/Frameworks";
				PRODUCT_BUNDLE_IDENTIFIER = hmkj.Cp66;
				PRODUCT_NAME = "$(TARGET_NAME)";
				SWIFT_VERSION = 3.0;
				TARGETED_DEVICE_FAMILY = "1,2";
			};
			name = Debug;
		};
		4CBADCA51F132AC200D19F09 /* Release */ = {
			isa = XCBuildConfiguration;
			buildSettings = {
				ASSETCATALOG_COMPILER_APPICON_NAME = AppIcon;
				DEVELOPMENT_TEAM = 9A2965SH74;
				INFOPLIST_FILE = Cp66/Info.plist;
				LD_RUNPATH_SEARCH_PATHS = "$(inherited) @executable_path/Frameworks";
				PRODUCT_BUNDLE_IDENTIFIER = hmkj.Cp66;
				PRODUCT_NAME = "$(TARGET_NAME)";
				SWIFT_VERSION = 3.0;
				TARGETED_DEVICE_FAMILY = "1,2";
			};
			name = Release;
		};
/* End XCBuildConfiguration section */

/* Begin XCConfigurationList section */
		4CBADC891F132AC200D19F09 /* Build configuration list for PBXProject "Cp66" */ = {
			isa = XCConfigurationList;
			buildConfigurations = (
				4CBADCA11F132AC200D19F09 /* Debug */,
				4CBADCA21F132AC200D19F09 /* Release */,
			);
			defaultConfigurationIsVisible = 0;
			defaultConfigurationName = Release;
		};
		4CBADCA31F132AC200D19F09 /* Build configuration list for PBXNativeTarget "Cp66" */ = {
			isa = XCConfigurationList;
			buildConfigurations = (
				4CBADCA41F132AC200D19F09 /* Debug */,
				4CBADCA51F132AC200D19F09 /* Release */,
			);
			defaultConfigurationIsVisible = 0;
		};
/* End XCConfigurationList section */

/* Begin XCVersionGroup section */
		4CBADC981F132AC200D19F09 /* Cp66.xcdatamodeld */ = {
			isa = XCVersionGroup;
			children = (
				4CBADC991F132AC200D19F09 /* Cp66.xcdatamodel */,
			);
			currentVersion = 4CBADC991F132AC200D19F09 /* Cp66.xcdatamodel */;
			path = Cp66.xcdatamodeld;
			sourceTree = "<group>";
			versionGroupType = wrapper.xcdatamodel;
		};
/* End XCVersionGroup section */
	};
	rootObject = 4CBADC861F132AC200D19F09 /* Project object */;
}
